{
    "version": 3,
    "terraform_version": "0.10.8",
    "serial": 23,
    "lineage": "d78555ec-32f4-4ff7-8f19-2572b648f554",
    "modules": [
        {
            "path": [
                "root"
            ],
            "outputs": {},
            "resources": {
                "aws_instance.instance": {
                    "type": "aws_instance",
                    "depends_on": [
                        "aws_key_pair.deployer",
                        "aws_security_group.default",
                        "aws_subnet.subnet1"
                    ],
                    "primary": {
                        "id": "i-0b1134feff6196234",
                        "attributes": {
                            "ami": "ami-07ebfd5b3428b6f4d",
                            "arn": "arn:aws:ec2:us-east-1:829839918187:instance/i-0b1134feff6196234",
                            "associate_public_ip_address": "true",
                            "availability_zone": "us-east-1a",
                            "cpu_core_count": "1",
                            "cpu_threads_per_core": "1",
                            "credit_specification.#": "1",
                            "credit_specification.0.cpu_credits": "standard",
                            "disable_api_termination": "false",
                            "ebs_block_device.#": "0",
                            "ebs_optimized": "false",
                            "ephemeral_block_device.#": "0",
                            "get_password_data": "false",
                            "hibernation": "false",
                            "iam_instance_profile": "",
                            "id": "i-0b1134feff6196234",
                            "instance_state": "running",
                            "instance_type": "t2.micro",
                            "ipv6_address_count": "0",
                            "ipv6_addresses.#": "0",
                            "key_name": "deployer-key",
                            "monitoring": "false",
                            "network_interface.#": "0",
                            "password_data": "",
                            "placement_group": "",
                            "primary_network_interface_id": "eni-004e4d671ad58540c",
                            "private_dns": "ip-10-0-0-55.ec2.internal",
                            "private_ip": "10.0.0.55",
                            "public_dns": "ec2-3-86-234-30.compute-1.amazonaws.com",
                            "public_ip": "3.86.234.30",
                            "root_block_device.#": "1",
                            "root_block_device.0.delete_on_termination": "true",
                            "root_block_device.0.encrypted": "false",
                            "root_block_device.0.iops": "100",
                            "root_block_device.0.kms_key_id": "",
                            "root_block_device.0.volume_id": "vol-09412ae95d7bf343d",
                            "root_block_device.0.volume_size": "8",
                            "root_block_device.0.volume_type": "gp2",
                            "security_groups.#": "0",
                            "source_dest_check": "true",
                            "subnet_id": "subnet-0a7dd644a4f22c266",
                            "tags.%": "1",
                            "tags.Name": "Ec2-WebServer",
                            "tenancy": "default",
                            "user_data": "f59269d9965fa6fd1c07917ac2112733b22bd4fa",
                            "volume_tags.%": "0",
                            "vpc_security_group_ids.#": "1",
                            "vpc_security_group_ids.1917542868": "sg-0fa8e596a2eb44857"
                        },
                        "meta": {
                            "e2bfb730-ecaa-11e6-8f88-34363bc7c4c0": {
                                "create": 600000000000,
                                "delete": 1200000000000,
                                "update": 600000000000
                            },
                            "schema_version": "1"
                        },
                        "tainted": false
                    },
                    "deposed": [],
                    "provider": ""
                },
                "aws_internet_gateway.default": {
                    "type": "aws_internet_gateway",
                    "depends_on": [
                        "aws_vpc.vpc_main"
                    ],
                    "primary": {
                        "id": "igw-0b93d5b11a96fba37",
                        "attributes": {
                            "id": "igw-0b93d5b11a96fba37",
                            "owner_id": "829839918187",
                            "tags.%": "1",
                            "tags.Name": "My GW",
                            "vpc_id": "vpc-04542d9d52fbcf67b"
                        },
                        "meta": {},
                        "tainted": false
                    },
                    "deposed": [],
                    "provider": ""
                },
                "aws_key_pair.deployer": {
                    "type": "aws_key_pair",
                    "depends_on": [],
                    "primary": {
                        "id": "deployer-key",
                        "attributes": {
                            "fingerprint": "3c:08:ae:66:24:84:f9:6c:32:ce:0d:49:38:d6:a1:63",
                            "id": "deployer-key",
                            "key_name": "deployer-key",
                            "key_pair_id": "key-04309baa10e45ed7f",
                            "public_key": "ssh-rsa AAAAB3NzaC1yc2EAAAADAQABAAACAQDqi3cBmPGz+71PorN2ct3LNuDja4ROFAQenXLesrFlaffuudw0PvvETINT3ZKNgBV5CY7BRacmErBm/9dCbX0WGR7stiv4pWT7+oNlDqTuEWj9FQ7EzknkE8tDXi+1uDhmSK1ylPm20pn6gs+7nfdUqzf+Q46YydmBWjbdmkYbcmll0OmxCHSYWfu6QKRACZ/G8tIUNWVZguLrC1FmjjXlI6y047LAlyxqrmlFwubZSMRJL6RgMB1mcmAdW/FjEvvfRXwDc5v5gHShLRlwuIC9i+OSRCMpo8CC5UInCg4wQXWv9UBjPM7OQJKqyxIC68u5M8m6I4/0mdCGrks9DxFu9ggI+0rEgkd2eOD8TwRk5z1EGUA9lFQYlmf8M3igmNKBepAqiBNYcaYyVAWZ0DOh3U/O5dmF7gz8uUC5Z2IcLj9CqpnQSzOMFtjaNe4JcBq2S3ntZWVpCqCb1Jxdk4TAit02zkWfpcJqMjx6khvTZIygNIGAiIZZm4Pp6P+ehTE6ASS+gakC2sK7q+9ux/3TrVn6eqdoui5KDdyQN6OsVF6vFXI3xk+Gk8iGC1QTd7Z47/DvRbikH1AUQw/SZMbT4qy5a7ANJvB0KZ2DY1zwqUcg599OxJ97PMTOqG93dKP+UoG2pDHccI5yyLKhBqpiVIQgZinlodrXvltfelFLQQ== vinay",
                            "tags.%": "0"
                        },
                        "meta": {
                            "schema_version": "1"
                        },
                        "tainted": false
                    },
                    "deposed": [],
                    "provider": ""
                },
                "aws_route.internet_access": {
                    "type": "aws_route",
                    "depends_on": [
                        "aws_internet_gateway.default",
                        "aws_vpc.vpc_main"
                    ],
                    "primary": {
                        "id": "r-rtb-0136eb140bc8a48f91080289494",
                        "attributes": {
                            "destination_cidr_block": "0.0.0.0/0",
                            "destination_prefix_list_id": "",
                            "egress_only_gateway_id": "",
                            "gateway_id": "igw-0b93d5b11a96fba37",
                            "id": "r-rtb-0136eb140bc8a48f91080289494",
                            "instance_id": "",
                            "instance_owner_id": "",
                            "nat_gateway_id": "",
                            "network_interface_id": "",
                            "origin": "CreateRoute",
                            "route_table_id": "rtb-0136eb140bc8a48f9",
                            "state": "active",
                            "transit_gateway_id": "",
                            "vpc_peering_connection_id": ""
                        },
                        "meta": {
                            "e2bfb730-ecaa-11e6-8f88-34363bc7c4c0": {
                                "create": 120000000000,
                                "delete": 300000000000
                            }
                        },
                        "tainted": false
                    },
                    "deposed": [],
                    "provider": ""
                },
                "aws_security_group.default": {
                    "type": "aws_security_group",
                    "depends_on": [
                        "aws_vpc.vpc_main"
                    ],
                    "primary": {
                        "id": "sg-0fa8e596a2eb44857",
                        "attributes": {
                            "arn": "arn:aws:ec2:us-east-1:829839918187:security-group/sg-0fa8e596a2eb44857",
                            "description": "Security group for public facing ELBs",
                            "egress.#": "1",
                            "egress.2214680975.cidr_blocks.#": "1",
                            "egress.2214680975.cidr_blocks.0": "0.0.0.0/0",
                            "egress.2214680975.description": "",
                            "egress.2214680975.from_port": "80",
                            "egress.2214680975.ipv6_cidr_blocks.#": "0",
                            "egress.2214680975.prefix_list_ids.#": "0",
                            "egress.2214680975.protocol": "TCP",
                            "egress.2214680975.security_groups.#": "0",
                            "egress.2214680975.self": "false",
                            "egress.2214680975.to_port": "80",
                            "id": "sg-0fa8e596a2eb44857",
                            "ingress.#": "3",
                            "ingress.1799340084.cidr_blocks.#": "1",
                            "ingress.1799340084.cidr_blocks.0": "0.0.0.0/0",
                            "ingress.1799340084.description": "",
                            "ingress.1799340084.from_port": "-1",
                            "ingress.1799340084.ipv6_cidr_blocks.#": "0",
                            "ingress.1799340084.prefix_list_ids.#": "0",
                            "ingress.1799340084.protocol": "icmp",
                            "ingress.1799340084.security_groups.#": "0",
                            "ingress.1799340084.self": "false",
                            "ingress.1799340084.to_port": "-1",
                            "ingress.2214680975.cidr_blocks.#": "1",
                            "ingress.2214680975.cidr_blocks.0": "0.0.0.0/0",
                            "ingress.2214680975.description": "",
                            "ingress.2214680975.from_port": "80",
                            "ingress.2214680975.ipv6_cidr_blocks.#": "0",
                            "ingress.2214680975.prefix_list_ids.#": "0",
                            "ingress.2214680975.protocol": "TCP",
                            "ingress.2214680975.security_groups.#": "0",
                            "ingress.2214680975.self": "false",
                            "ingress.2214680975.to_port": "80",
                            "ingress.2541437006.cidr_blocks.#": "1",
                            "ingress.2541437006.cidr_blocks.0": "0.0.0.0/0",
                            "ingress.2541437006.description": "",
                            "ingress.2541437006.from_port": "22",
                            "ingress.2541437006.ipv6_cidr_blocks.#": "0",
                            "ingress.2541437006.prefix_list_ids.#": "0",
                            "ingress.2541437006.protocol": "TCP",
                            "ingress.2541437006.security_groups.#": "0",
                            "ingress.2541437006.self": "false",
                            "ingress.2541437006.to_port": "22",
                            "name": "Ec2-Group",
                            "owner_id": "829839918187",
                            "revoke_rules_on_delete": "false",
                            "tags.%": "0",
                            "vpc_id": "vpc-04542d9d52fbcf67b"
                        },
                        "meta": {
                            "e2bfb730-ecaa-11e6-8f88-34363bc7c4c0": {
                                "create": 600000000000,
                                "delete": 600000000000
                            },
                            "schema_version": "1"
                        },
                        "tainted": false
                    },
                    "deposed": [],
                    "provider": ""
                },
                "aws_subnet.subnet1": {
                    "type": "aws_subnet",
                    "depends_on": [
                        "aws_vpc.vpc_main"
                    ],
                    "primary": {
                        "id": "subnet-0a7dd644a4f22c266",
                        "attributes": {
                            "arn": "arn:aws:ec2:us-east-1:829839918187:subnet/subnet-0a7dd644a4f22c266",
                            "assign_ipv6_address_on_creation": "false",
                            "availability_zone": "us-east-1a",
                            "availability_zone_id": "use1-az2",
                            "cidr_block": "10.0.0.0/25",
                            "id": "subnet-0a7dd644a4f22c266",
                            "ipv6_cidr_block": "",
                            "ipv6_cidr_block_association_id": "",
                            "map_public_ip_on_launch": "true",
                            "owner_id": "829839918187",
                            "tags.%": "3",
                            "tags.Name": "subnet1",
                            "tags.Owner": "vinayreddy",
                            "tags.Zone": "us-east-1a",
                            "vpc_id": "vpc-04542d9d52fbcf67b"
                        },
                        "meta": {
                            "e2bfb730-ecaa-11e6-8f88-34363bc7c4c0": {
                                "create": 600000000000,
                                "delete": 1200000000000
                            },
                            "schema_version": "1"
                        },
                        "tainted": false
                    },
                    "deposed": [],
                    "provider": ""
                },
                "aws_subnet.subnet2": {
                    "type": "aws_subnet",
                    "depends_on": [
                        "aws_vpc.vpc_main"
                    ],
                    "primary": {
                        "id": "subnet-06f34e32b49ad4902",
                        "attributes": {
                            "arn": "arn:aws:ec2:us-east-1:829839918187:subnet/subnet-06f34e32b49ad4902",
                            "assign_ipv6_address_on_creation": "false",
                            "availability_zone": "us-east-1b",
                            "availability_zone_id": "use1-az4",
                            "cidr_block": "10.0.0.128/25",
                            "id": "subnet-06f34e32b49ad4902",
                            "ipv6_cidr_block": "",
                            "ipv6_cidr_block_association_id": "",
                            "map_public_ip_on_launch": "true",
                            "owner_id": "829839918187",
                            "tags.%": "3",
                            "tags.Name": "subnet2",
                            "tags.Owner": "vinayreddy",
                            "tags.Zone": "us-east-1b",
                            "vpc_id": "vpc-04542d9d52fbcf67b"
                        },
                        "meta": {
                            "e2bfb730-ecaa-11e6-8f88-34363bc7c4c0": {
                                "create": 600000000000,
                                "delete": 1200000000000
                            },
                            "schema_version": "1"
                        },
                        "tainted": false
                    },
                    "deposed": [],
                    "provider": ""
                },
                "aws_vpc.vpc_main": {
                    "type": "aws_vpc",
                    "depends_on": [],
                    "primary": {
                        "id": "vpc-04542d9d52fbcf67b",
                        "attributes": {
                            "arn": "arn:aws:ec2:us-east-1:829839918187:vpc/vpc-04542d9d52fbcf67b",
                            "assign_generated_ipv6_cidr_block": "false",
                            "cidr_block": "10.0.0.0/24",
                            "default_network_acl_id": "acl-04a43d9df52e7f3e3",
                            "default_route_table_id": "rtb-0136eb140bc8a48f9",
                            "default_security_group_id": "sg-04ab426804c948eb8",
                            "dhcp_options_id": "dopt-2a71be50",
                            "enable_classiclink": "false",
                            "enable_classiclink_dns_support": "false",
                            "enable_dns_hostnames": "true",
                            "enable_dns_support": "true",
                            "id": "vpc-04542d9d52fbcf67b",
                            "instance_tenancy": "default",
                            "ipv6_association_id": "",
                            "ipv6_cidr_block": "",
                            "main_route_table_id": "rtb-0136eb140bc8a48f9",
                            "owner_id": "829839918187",
                            "tags.%": "1",
                            "tags.Name": "MY_VPC"
                        },
                        "meta": {
                            "schema_version": "1"
                        },
                        "tainted": false
                    },
                    "deposed": [],
                    "provider": ""
                }
            },
            "depends_on": []
        }
    ]
}
